{
  "name": "tmessenger",
  "version": "1.0.0",
  "lockfileVersion": 2,
  "requires": true,
  "packages": {
    "": {
      "version": "1.0.0",
      "license": "ISC",
      "dependencies": {
        "@hyperloris/tyson": "^1.4.0",
        "@types/redis": "^2.8.31",
        "redis": "^3.1.2",
        "typescript-json-serializer": "^3.4.4"
      },
      "devDependencies": {
        "typescript": "^4.4.2"
      }
    },
    "node_modules/@hyperloris/tyson": {
      "version": "1.4.0",
      "resolved": "https://registry.npmjs.org/@hyperloris/tyson/-/tyson-1.4.0.tgz",
      "integrity": "sha512-kKB9H0mR2CD2OuSfZ1cMRYOOnLG9q9fd6BXsEOe7FPLdicMOYTv6y1C3G8Uq8O4wGA/B09oKt8IfNeKnvgPd6Q==",
      "dependencies": {
        "reflect-metadata": "^0.1.12"
      },
      "engines": {
        "node": ">=6.0.0"
      }
    },
    "node_modules/@types/node": {
      "version": "16.7.10",
      "resolved": "https://registry.npmjs.org/@types/node/-/node-16.7.10.tgz",
      "integrity": "sha512-S63Dlv4zIPb8x6MMTgDq5WWRJQe56iBEY0O3SOFA9JrRienkOVDXSXBjjJw6HTNQYSE2JI6GMCR6LVbIMHJVvA=="
    },
    "node_modules/@types/redis": {
      "version": "2.8.31",
      "resolved": "https://registry.npmjs.org/@types/redis/-/redis-2.8.31.tgz",
      "integrity": "sha512-daWrrTDYaa5iSDFbgzZ9gOOzyp2AJmYK59OlG/2KGBgYWF3lfs8GDKm1c//tik5Uc93hDD36O+qLPvzDolChbA==",
      "dependencies": {
        "@types/node": "*"
      }
    },
    "node_modules/denque": {
      "version": "1.5.1",
      "resolved": "https://registry.npmjs.org/denque/-/denque-1.5.1.tgz",
      "integrity": "sha512-XwE+iZ4D6ZUB7mfYRMb5wByE8L74HCn30FBN7sWnXksWc1LO1bPDl67pBR9o/kC4z/xSNAwkMYcGgqDV3BE3Hw==",
      "engines": {
        "node": ">=0.10"
      }
    },
    "node_modules/redis": {
      "version": "3.1.2",
      "resolved": "https://registry.npmjs.org/redis/-/redis-3.1.2.tgz",
      "integrity": "sha512-grn5KoZLr/qrRQVwoSkmzdbw6pwF+/rwODtrOr6vuBRiR/f3rjSTGupbF90Zpqm2oenix8Do6RV7pYEkGwlKkw==",
      "dependencies": {
        "denque": "^1.5.0",
        "redis-commands": "^1.7.0",
        "redis-errors": "^1.2.0",
        "redis-parser": "^3.0.0"
      },
      "engines": {
        "node": ">=10"
      },
      "funding": {
        "type": "opencollective",
        "url": "https://opencollective.com/node-redis"
      }
    },
    "node_modules/redis-commands": {
      "version": "1.7.0",
      "resolved": "https://registry.npmjs.org/redis-commands/-/redis-commands-1.7.0.tgz",
      "integrity": "sha512-nJWqw3bTFy21hX/CPKHth6sfhZbdiHP6bTawSgQBlKOVRG7EZkfHbbHwQJnrE4vsQf0CMNE+3gJ4Fmm16vdVlQ=="
    },
    "node_modules/redis-errors": {
      "version": "1.2.0",
      "resolved": "https://registry.npmjs.org/redis-errors/-/redis-errors-1.2.0.tgz",
      "integrity": "sha1-62LSrbFeTq9GEMBK/hUpOEJQq60=",
      "engines": {
        "node": ">=4"
      }
    },
    "node_modules/redis-parser": {
      "version": "3.0.0",
      "resolved": "https://registry.npmjs.org/redis-parser/-/redis-parser-3.0.0.tgz",
      "integrity": "sha1-tm2CjNyv5rS4pCin3vTGvKwxyLQ=",
      "dependencies": {
        "redis-errors": "^1.0.0"
      },
      "engines": {
        "node": ">=4"
      }
    },
    "node_modules/reflect-metadata": {
      "version": "0.1.13",
      "resolved": "https://registry.npmjs.org/reflect-metadata/-/reflect-metadata-0.1.13.tgz",
      "integrity": "sha512-Ts1Y/anZELhSsjMcU605fU9RE4Oi3p5ORujwbIKXfWa+0Zxs510Qrmrce5/Jowq3cHSZSJqBjypxmHarc+vEWg=="
    },
    "node_modules/tslib": {
      "version": "2.3.1",
      "resolved": "https://registry.npmjs.org/tslib/-/tslib-2.3.1.tgz",
      "integrity": "sha512-77EbyPPpMz+FRFRuAFlWMtmgUWGe9UOG2Z25NqCwiIjRhOf5iKGuzSe5P2w1laq+FkRy4p+PCuVkJSGkzTEKVw=="
    },
    "node_modules/typescript": {
      "version": "4.4.2",
      "resolved": "https://registry.npmjs.org/typescript/-/typescript-4.4.2.tgz",
      "integrity": "sha512-gzP+t5W4hdy4c+68bfcv0t400HVJMMd2+H9B7gae1nQlBzCqvrXX+6GL/b3GAgyTH966pzrZ70/fRjwAtZksSQ==",
      "dev": true,
      "bin": {
        "tsc": "bin/tsc",
        "tsserver": "bin/tsserver"
      },
      "engines": {
        "node": ">=4.2.0"
      }
    },
    "node_modules/typescript-json-serializer": {
      "version": "3.4.4",
      "resolved": "https://registry.npmjs.org/typescript-json-serializer/-/typescript-json-serializer-3.4.4.tgz",
      "integrity": "sha512-SrVdMe1k9QMoVUIvTUGCOwSl65NJIQwg7ekXUpQkbdnWbGL11rBzHBlj+YW+E4upRPnM5aHGccc9y88EhTlM+Q==",
      "dependencies": {
        "reflect-metadata": "^0.1.13",
        "tslib": "^2.3.0"
      }
    }
  },
  "dependencies": {
    "@hyperloris/tyson": {
      "version": "1.4.0",
      "resolved": "https://registry.npmjs.org/@hyperloris/tyson/-/tyson-1.4.0.tgz",
      "integrity": "sha512-kKB9H0mR2CD2OuSfZ1cMRYOOnLG9q9fd6BXsEOe7FPLdicMOYTv6y1C3G8Uq8O4wGA/B09oKt8IfNeKnvgPd6Q==",
      "requires": {
        "reflect-metadata": "^0.1.12"
      }
    },
    "@types/node": {
      "version": "16.7.10",
      "resolved": "https://registry.npmjs.org/@types/node/-/node-16.7.10.tgz",
      "integrity": "sha512-S63Dlv4zIPb8x6MMTgDq5WWRJQe56iBEY0O3SOFA9JrRienkOVDXSXBjjJw6HTNQYSE2JI6GMCR6LVbIMHJVvA=="
    },
    "@types/redis": {
      "version": "2.8.31",
      "resolved": "https://registry.npmjs.org/@types/redis/-/redis-2.8.31.tgz",
      "integrity": "sha512-daWrrTDYaa5iSDFbgzZ9gOOzyp2AJmYK59OlG/2KGBgYWF3lfs8GDKm1c//tik5Uc93hDD36O+qLPvzDolChbA==",
      "requires": {
        "@types/node": "*"
      }
    },
    "denque": {
      "version": "1.5.1",
      "resolved": "https://registry.npmjs.org/denque/-/denque-1.5.1.tgz",
      "integrity": "sha512-XwE+iZ4D6ZUB7mfYRMb5wByE8L74HCn30FBN7sWnXksWc1LO1bPDl67pBR9o/kC4z/xSNAwkMYcGgqDV3BE3Hw=="
    },
    "redis": {
      "version": "3.1.2",
      "resolved": "https://registry.npmjs.org/redis/-/redis-3.1.2.tgz",
      "integrity": "sha512-grn5KoZLr/qrRQVwoSkmzdbw6pwF+/rwODtrOr6vuBRiR/f3rjSTGupbF90Zpqm2oenix8Do6RV7pYEkGwlKkw==",
      "requires": {
        "denque": "^1.5.0",
        "redis-commands": "^1.7.0",
        "redis-errors": "^1.2.0",
        "redis-parser": "^3.0.0"
      }
    },
    "redis-commands": {
      "version": "1.7.0",
      "resolved": "https://registry.npmjs.org/redis-commands/-/redis-commands-1.7.0.tgz",
      "integrity": "sha512-nJWqw3bTFy21hX/CPKHth6sfhZbdiHP6bTawSgQBlKOVRG7EZkfHbbHwQJnrE4vsQf0CMNE+3gJ4Fmm16vdVlQ=="
    },
    "redis-errors": {
      "version": "1.2.0",
      "resolved": "https://registry.npmjs.org/redis-errors/-/redis-errors-1.2.0.tgz",
      "integrity": "sha1-62LSrbFeTq9GEMBK/hUpOEJQq60="
    },
    "redis-parser": {
      "version": "3.0.0",
      "resolved": "https://registry.npmjs.org/redis-parser/-/redis-parser-3.0.0.tgz",
      "integrity": "sha1-tm2CjNyv5rS4pCin3vTGvKwxyLQ=",
      "requires": {
        "redis-errors": "^1.0.0"
      }
    },
    "reflect-metadata": {
      "version": "0.1.13",
      "resolved": "https://registry.npmjs.org/reflect-metadata/-/reflect-metadata-0.1.13.tgz",
      "integrity": "sha512-Ts1Y/anZELhSsjMcU605fU9RE4Oi3p5ORujwbIKXfWa+0Zxs510Qrmrce5/Jowq3cHSZSJqBjypxmHarc+vEWg=="
    },
    "tslib": {
      "version": "2.3.1",
      "resolved": "https://registry.npmjs.org/tslib/-/tslib-2.3.1.tgz",
      "integrity": "sha512-77EbyPPpMz+FRFRuAFlWMtmgUWGe9UOG2Z25NqCwiIjRhOf5iKGuzSe5P2w1laq+FkRy4p+PCuVkJSGkzTEKVw=="
    },
    "typescript": {
      "version": "4.4.2",
      "resolved": "https://registry.npmjs.org/typescript/-/typescript-4.4.2.tgz",
      "integrity": "sha512-gzP+t5W4hdy4c+68bfcv0t400HVJMMd2+H9B7gae1nQlBzCqvrXX+6GL/b3GAgyTH966pzrZ70/fRjwAtZksSQ==",
      "dev": true
    },
    "typescript-json-serializer": {
      "version": "3.4.4",
      "resolved": "https://registry.npmjs.org/typescript-json-serializer/-/typescript-json-serializer-3.4.4.tgz",
      "integrity": "sha512-SrVdMe1k9QMoVUIvTUGCOwSl65NJIQwg7ekXUpQkbdnWbGL11rBzHBlj+YW+E4upRPnM5aHGccc9y88EhTlM+Q==",
      "requires": {
        "reflect-metadata": "^0.1.13",
        "tslib": "^2.3.0"
      }
    }
  }
}
